
Microsoft Visual Studio Solution File, Format Version 12.00
# Visual Studio 15
VisualStudioVersion = 15.0.26228.4
MinimumVisualStudioVersion = 10.0.40219.1
Project("{FAE04EC0-301F-11D3-BF4B-00C04F79EFBC}") = "NetStatus", "NetStatus\NetStatus.csproj", "{53E50CF6-2313-485F-A801-7A3FD02D47EA}"
EndProject
Project("{FAE04EC0-301F-11D3-BF4B-00C04F79EFBC}") = "NetStatus.iOS", "NetStatus.iOS\NetStatus.iOS.csproj", "{DA708A73-6C14-4FB2-8CF2-4A8C7B555709}"
EndProject
Project("{FAE04EC0-301F-11D3-BF4B-00C04F79EFBC}") = "NetStatus.Droid", "NetStatus.Droid\NetStatus.Droid.csproj", "{91102B77-2198-4B7E-8806-9E3ABE5D92DD}"
EndProject
Project("{FAE04EC0-301F-11D3-BF4B-00C04F79EFBC}") = "NetStatus.UWP", "NetStatus.UWP\NetStatus.UWP.csproj", "{CA72AFA8-1460-465D-81B4-8E47EAE90986}"
EndProject
Global
	GlobalSection(SolutionConfigurationPlatforms) = preSolution
		Ad-Hoc|Any CPU = Ad-Hoc|Any CPU
		Ad-Hoc|ARM = Ad-Hoc|ARM
		Ad-Hoc|iPhone = Ad-Hoc|iPhone
		Ad-Hoc|iPhoneSimulator = Ad-Hoc|iPhoneSimulator
		Ad-Hoc|x86 = Ad-Hoc|x86
		AppStore|Any CPU = AppStore|Any CPU
		AppStore|ARM = AppStore|ARM
		AppStore|iPhone = AppStore|iPhone
		AppStore|iPhoneSimulator = AppStore|iPhoneSimulator
		AppStore|x86 = AppStore|x86
		Debug|Any CPU = Debug|Any CPU
		Debug|ARM = Debug|ARM
		Debug|iPhone = Debug|iPhone
		Debug|iPhoneSimulator = Debug|iPhoneSimulator
		Debug|x86 = Debug|x86
		Release|Any CPU = Release|Any CPU
		Release|ARM = Release|ARM
		Release|iPhone = Release|iPhone
		Release|iPhoneSimulator = Release|iPhoneSimulator
		Release|x86 = Release|x86
	EndGlobalSection
	GlobalSection(ProjectConfigurationPlatforms) = postSolution
		{53E50CF6-2313-485F-A801-7A3FD02D47EA}.Ad-Hoc|Any CPU.ActiveCfg = Release|Any CPU
		{53E50CF6-2313-485F-A801-7A3FD02D47EA}.Ad-Hoc|Any CPU.Build.0 = Release|Any CPU
		{53E50CF6-2313-485F-A801-7A3FD02D47EA}.Ad-Hoc|ARM.ActiveCfg = Release|Any CPU
		{53E50CF6-2313-485F-A801-7A3FD02D47EA}.Ad-Hoc|ARM.Build.0 = Release|Any CPU
		{53E50CF6-2313-485F-A801-7A3FD02D47EA}.Ad-Hoc|iPhone.ActiveCfg = Release|Any CPU
		{53E50CF6-2313-485F-A801-7A3FD02D47EA}.Ad-Hoc|iPhone.Build.0 = Release|Any CPU
		{53E50CF6-2313-485F-A801-7A3FD02D47EA}.Ad-Hoc|iPhoneSimulator.ActiveCfg = Release|Any CPU
		{53E50CF6-2313-485F-A801-7A3FD02D47EA}.Ad-Hoc|iPhoneSimulator.Build.0 = Release|Any CPU
		{53E50CF6-2313-485F-A801-7A3FD02D47EA}.Ad-Hoc|x86.ActiveCfg = Release|Any CPU
		{53E50CF6-2313-485F-A801-7A3FD02D47EA}.Ad-Hoc|x86.Build.0 = Release|Any CPU
		{53E50CF6-2313-485F-A801-7A3FD02D47EA}.AppStore|Any CPU.ActiveCfg = Release|Any CPU
		{53E50CF6-2313-485F-A801-7A3FD02D47EA}.AppStore|Any CPU.Build.0 = Release|Any CPU
		{53E50CF6-2313-485F-A801-7A3FD02D47EA}.AppStore|ARM.ActiveCfg = Release|Any CPU
		{53E50CF6-2313-485F-A801-7A3FD02D47EA}.AppStore|ARM.Build.0 = Release|Any CPU
		{53E50CF6-2313-485F-A801-7A3FD02D47EA}.AppStore|iPhone.ActiveCfg = Release|Any CPU
		{53E50CF6-2313-485F-A801-7A3FD02D47EA}.AppStore|iPhone.Build.0 = Release|Any CPU
		{53E50CF6-2313-485F-A801-7A3FD02D47EA}.AppStore|iPhoneSimulator.ActiveCfg = Release|Any CPU
		{53E50CF6-2313-485F-A801-7A3FD02D47EA}.AppStore|iPhoneSimulator.Build.0 = Release|Any CPU
		{53E50CF6-2313-485F-A801-7A3FD02D47EA}.AppStore|x86.ActiveCfg = Release|Any CPU
		{53E50CF6-2313-485F-A801-7A3FD02D47EA}.AppStore|x86.Build.0 = Release|Any CPU
		{53E50CF6-2313-485F-A801-7A3FD02D47EA}.Debug|Any CPU.ActiveCfg = Debug|Any CPU
		{53E50CF6-2313-485F-A801-7A3FD02D47EA}.Debug|Any CPU.Build.0 = Debug|Any CPU
		{53E50CF6-2313-485F-A801-7A3FD02D47EA}.Debug|ARM.ActiveCfg = Debug|Any CPU
		{53E50CF6-2313-485F-A801-7A3FD02D47EA}.Debug|ARM.Build.0 = Debug|Any CPU
		{53E50CF6-2313-485F-A801-7A3FD02D47EA}.Debug|iPhone.ActiveCfg = Debug|Any CPU
		{53E50CF6-2313-485F-A801-7A3FD02D47EA}.Debug|iPhone.Build.0 = Debug|Any CPU
		{53E50CF6-2313-485F-A801-7A3FD02D47EA}.Debug|iPhoneSimulator.ActiveCfg = Debug|Any CPU
		{53E50CF6-2313-485F-A801-7A3FD02D47EA}.Debug|iPhoneSimulator.Build.0 = Debug|Any CPU
		{53E50CF6-2313-485F-A801-7A3FD02D47EA}.Debug|x86.ActiveCfg = Debug|Any CPU
		{53E50CF6-2313-485F-A801-7A3FD02D47EA}.Debug|x86.Build.0 = Debug|Any CPU
		{53E50CF6-2313-485F-A801-7A3FD02D47EA}.Release|Any CPU.ActiveCfg = Release|Any CPU
		{53E50CF6-2313-485F-A801-7A3FD02D47EA}.Release|Any CPU.Build.0 = Release|Any CPU
		{53E50CF6-2313-485F-A801-7A3FD02D47EA}.Release|ARM.ActiveCfg = Release|Any CPU
		{53E50CF6-2313-485F-A801-7A3FD02D47EA}.Release|ARM.Build.0 = Release|Any CPU
		{53E50CF6-2313-485F-A801-7A3FD02D47EA}.Release|iPhone.ActiveCfg = Release|Any CPU
		{53E50CF6-2313-485F-A801-7A3FD02D47EA}.Release|iPhone.Build.0 = Release|Any CPU
		{53E50CF6-2313-485F-A801-7A3FD02D47EA}.Release|iPhoneSimulator.ActiveCfg = Release|Any CPU
		{53E50CF6-2313-485F-A801-7A3FD02D47EA}.Release|iPhoneSimulator.Build.0 = Release|Any CPU
		{53E50CF6-2313-485F-A801-7A3FD02D47EA}.Release|x86.ActiveCfg = Release|Any CPU
		{53E50CF6-2313-485F-A801-7A3FD02D47EA}.Release|x86.Build.0 = Release|Any CPU
		{DA708A73-6C14-4FB2-8CF2-4A8C7B555709}.Ad-Hoc|Any CPU.ActiveCfg = Ad-Hoc|iPhone
		{DA708A73-6C14-4FB2-8CF2-4A8C7B555709}.Ad-Hoc|Any CPU.Build.0 = Ad-Hoc|iPhone
		{DA708A73-6C14-4FB2-8CF2-4A8C7B555709}.Ad-Hoc|ARM.ActiveCfg = Ad-Hoc|iPhone
		{DA708A73-6C14-4FB2-8CF2-4A8C7B555709}.Ad-Hoc|iPhone.ActiveCfg = Ad-Hoc|iPhone
		{DA708A73-6C14-4FB2-8CF2-4A8C7B555709}.Ad-Hoc|iPhone.Build.0 = Ad-Hoc|iPhone
		{DA708A73-6C14-4FB2-8CF2-4A8C7B555709}.Ad-Hoc|iPhoneSimulator.ActiveCfg = Ad-Hoc|iPhoneSimulator
		{DA708A73-6C14-4FB2-8CF2-4A8C7B555709}.Ad-Hoc|iPhoneSimulator.Build.0 = Ad-Hoc|iPhoneSimulator
		{DA708A73-6C14-4FB2-8CF2-4A8C7B555709}.Ad-Hoc|x86.ActiveCfg = Ad-Hoc|iPhone
		{DA708A73-6C14-4FB2-8CF2-4A8C7B555709}.AppStore|Any CPU.ActiveCfg = AppStore|iPhone
		{DA708A73-6C14-4FB2-8CF2-4A8C7B555709}.AppStore|Any CPU.Build.0 = AppStore|iPhone
		{DA708A73-6C14-4FB2-8CF2-4A8C7B555709}.AppStore|ARM.ActiveCfg = AppStore|iPhone
		{DA708A73-6C14-4FB2-8CF2-4A8C7B555709}.AppStore|iPhone.ActiveCfg = AppStore|iPhone
		{DA708A73-6C14-4FB2-8CF2-4A8C7B555709}.AppStore|iPhone.Build.0 = AppStore|iPhone
		{DA708A73-6C14-4FB2-8CF2-4A8C7B555709}.AppStore|iPhoneSimulator.ActiveCfg = AppStore|iPhoneSimulator
		{DA708A73-6C14-4FB2-8CF2-4A8C7B555709}.AppStore|iPhoneSimulator.Build.0 = AppStore|iPhoneSimulator
		{DA708A73-6C14-4FB2-8CF2-4A8C7B555709}.AppStore|x86.ActiveCfg = AppStore|iPhone
		{DA708A73-6C14-4FB2-8CF2-4A8C7B555709}.Debug|Any CPU.ActiveCfg = Debug|iPhone
		{DA708A73-6C14-4FB2-8CF2-4A8C7B555709}.Debug|Any CPU.Build.0 = Debug|iPhone
		{DA708A73-6C14-4FB2-8CF2-4A8C7B555709}.Debug|ARM.ActiveCfg = Debug|iPhone
		{DA708A73-6C14-4FB2-8CF2-4A8C7B555709}.Debug|iPhone.ActiveCfg = Debug|iPhone
		{DA708A73-6C14-4FB2-8CF2-4A8C7B555709}.Debug|iPhone.Build.0 = Debug|iPhone
		{DA708A73-6C14-4FB2-8CF2-4A8C7B555709}.Debug|iPhoneSimulator.ActiveCfg = Debug|iPhoneSimulator
		{DA708A73-6C14-4FB2-8CF2-4A8C7B555709}.Debug|iPhoneSimulator.Build.0 = Debug|iPhoneSimulator
		{DA708A73-6C14-4FB2-8CF2-4A8C7B555709}.Debug|x86.ActiveCfg = Debug|iPhone
		{DA708A73-6C14-4FB2-8CF2-4A8C7B555709}.Release|Any CPU.ActiveCfg = Release|iPhone
		{DA708A73-6C14-4FB2-8CF2-4A8C7B555709}.Release|Any CPU.Build.0 = Release|iPhone
		{DA708A73-6C14-4FB2-8CF2-4A8C7B555709}.Release|ARM.ActiveCfg = Release|iPhone
		{DA708A73-6C14-4FB2-8CF2-4A8C7B555709}.Release|iPhone.ActiveCfg = Release|iPhone
		{DA708A73-6C14-4FB2-8CF2-4A8C7B555709}.Release|iPhone.Build.0 = Release|iPhone
		{DA708A73-6C14-4FB2-8CF2-4A8C7B555709}.Release|iPhoneSimulator.ActiveCfg = Release|iPhoneSimulator
		{DA708A73-6C14-4FB2-8CF2-4A8C7B555709}.Release|iPhoneSimulator.Build.0 = Release|iPhoneSimulator
		{DA708A73-6C14-4FB2-8CF2-4A8C7B555709}.Release|x86.ActiveCfg = Release|iPhone
		{91102B77-2198-4B7E-8806-9E3ABE5D92DD}.Ad-Hoc|Any CPU.ActiveCfg = Release|Any CPU
		{91102B77-2198-4B7E-8806-9E3ABE5D92DD}.Ad-Hoc|Any CPU.Build.0 = Release|Any CPU
		{91102B77-2198-4B7E-8806-9E3ABE5D92DD}.Ad-Hoc|Any CPU.Deploy.0 = Release|Any CPU
		{91102B77-2198-4B7E-8806-9E3ABE5D92DD}.Ad-Hoc|ARM.ActiveCfg = Release|Any CPU
		{91102B77-2198-4B7E-8806-9E3ABE5D92DD}.Ad-Hoc|ARM.Build.0 = Release|Any CPU
		{91102B77-2198-4B7E-8806-9E3ABE5D92DD}.Ad-Hoc|ARM.Deploy.0 = Release|Any CPU
		{91102B77-2198-4B7E-8806-9E3ABE5D92DD}.Ad-Hoc|iPhone.ActiveCfg = Release|Any CPU
		{91102B77-2198-4B7E-8806-9E3ABE5D92DD}.Ad-Hoc|iPhone.Build.0 = Release|Any CPU
		{91102B77-2198-4B7E-8806-9E3ABE5D92DD}.Ad-Hoc|iPhone.Deploy.0 = Release|Any CPU
		{91102B77-2198-4B7E-8806-9E3ABE5D92DD}.Ad-Hoc|iPhoneSimulator.ActiveCfg = Release|Any CPU
		{91102B77-2198-4B7E-8806-9E3ABE5D92DD}.Ad-Hoc|iPhoneSimulator.Build.0 = Release|Any CPU
		{91102B77-2198-4B7E-8806-9E3ABE5D92DD}.Ad-Hoc|iPhoneSimulator.Deploy.0 = Release|Any CPU
		{91102B77-2198-4B7E-8806-9E3ABE5D92DD}.Ad-Hoc|x86.ActiveCfg = Release|Any CPU
		{91102B77-2198-4B7E-8806-9E3ABE5D92DD}.Ad-Hoc|x86.Build.0 = Release|Any CPU
		{91102B77-2198-4B7E-8806-9E3ABE5D92DD}.Ad-Hoc|x86.Deploy.0 = Release|Any CPU
		{91102B77-2198-4B7E-8806-9E3ABE5D92DD}.AppStore|Any CPU.ActiveCfg = Release|Any CPU
		{91102B77-2198-4B7E-8806-9E3ABE5D92DD}.AppStore|Any CPU.Build.0 = Release|Any CPU
		{91102B77-2198-4B7E-8806-9E3ABE5D92DD}.AppStore|Any CPU.Deploy.0 = Release|Any CPU
		{91102B77-2198-4B7E-8806-9E3ABE5D92DD}.AppStore|ARM.ActiveCfg = Release|Any CPU
		{91102B77-2198-4B7E-8806-9E3ABE5D92DD}.AppStore|ARM.Build.0 = Release|Any CPU
		{91102B77-2198-4B7E-8806-9E3ABE5D92DD}.AppStore|ARM.Deploy.0 = Release|Any CPU
		{91102B77-2198-4B7E-8806-9E3ABE5D92DD}.AppStore|iPhone.ActiveCfg = Release|Any CPU
		{91102B77-2198-4B7E-8806-9E3ABE5D92DD}.AppStore|iPhone.Build.0 = Release|Any CPU
		{91102B77-2198-4B7E-8806-9E3ABE5D92DD}.AppStore|iPhone.Deploy.0 = Release|Any CPU
		{91102B77-2198-4B7E-8806-9E3ABE5D92DD}.AppStore|iPhoneSimulator.ActiveCfg = Release|Any CPU
		{91102B77-2198-4B7E-8806-9E3ABE5D92DD}.AppStore|iPhoneSimulator.Build.0 = Release|Any CPU
		{91102B77-2198-4B7E-8806-9E3ABE5D92DD}.AppStore|iPhoneSimulator.Deploy.0 = Release|Any CPU
		{91102B77-2198-4B7E-8806-9E3ABE5D92DD}.AppStore|x86.ActiveCfg = Release|Any CPU
		{91102B77-2198-4B7E-8806-9E3ABE5D92DD}.AppStore|x86.Build.0 = Release|Any CPU
		{91102B77-2198-4B7E-8806-9E3ABE5D92DD}.AppStore|x86.Deploy.0 = Release|Any CPU
		{91102B77-2198-4B7E-8806-9E3ABE5D92DD}.Debug|Any CPU.ActiveCfg = Debug|Any CPU
		{91102B77-2198-4B7E-8806-9E3ABE5D92DD}.Debug|Any CPU.Build.0 = Debug|Any CPU
		{91102B77-2198-4B7E-8806-9E3ABE5D92DD}.Debug|Any CPU.Deploy.0 = Debug|Any CPU
		{91102B77-2198-4B7E-8806-9E3ABE5D92DD}.Debug|ARM.ActiveCfg = Debug|Any CPU
		{91102B77-2198-4B7E-8806-9E3ABE5D92DD}.Debug|ARM.Build.0 = Debug|Any CPU
		{91102B77-2198-4B7E-8806-9E3ABE5D92DD}.Debug|ARM.Deploy.0 = Debug|Any CPU
		{91102B77-2198-4B7E-8806-9E3ABE5D92DD}.Debug|iPhone.ActiveCfg = Debug|Any CPU
		{91102B77-2198-4B7E-8806-9E3ABE5D92DD}.Debug|iPhone.Build.0 = Debug|Any CPU
		{91102B77-2198-4B7E-8806-9E3ABE5D92DD}.Debug|iPhone.Deploy.0 = Debug|Any CPU
		{91102B77-2198-4B7E-8806-9E3ABE5D92DD}.Debug|iPhoneSimulator.ActiveCfg = Debug|Any CPU
		{91102B77-2198-4B7E-8806-9E3ABE5D92DD}.Debug|iPhoneSimulator.Build.0 = Debug|Any CPU
		{91102B77-2198-4B7E-8806-9E3ABE5D92DD}.Debug|iPhoneSimulator.Deploy.0 = Debug|Any CPU
		{91102B77-2198-4B7E-8806-9E3ABE5D92DD}.Debug|x86.ActiveCfg = Debug|Any CPU
		{91102B77-2198-4B7E-8806-9E3ABE5D92DD}.Debug|x86.Build.0 = Debug|Any CPU
		{91102B77-2198-4B7E-8806-9E3ABE5D92DD}.Debug|x86.Deploy.0 = Debug|Any CPU
		{91102B77-2198-4B7E-8806-9E3ABE5D92DD}.Release|Any CPU.ActiveCfg = Release|Any CPU
		{91102B77-2198-4B7E-8806-9E3ABE5D92DD}.Release|Any CPU.Build.0 = Release|Any CPU
		{91102B77-2198-4B7E-8806-9E3ABE5D92DD}.Release|Any CPU.Deploy.0 = Release|Any CPU
		{91102B77-2198-4B7E-8806-9E3ABE5D92DD}.Release|ARM.ActiveCfg = Release|Any CPU
		{91102B77-2198-4B7E-8806-9E3ABE5D92DD}.Release|ARM.Build.0 = Release|Any CPU
		{91102B77-2198-4B7E-8806-9E3ABE5D92DD}.Release|ARM.Deploy.0 = Release|Any CPU
		{91102B77-2198-4B7E-8806-9E3ABE5D92DD}.Release|iPhone.ActiveCfg = Release|Any CPU
		{91102B77-2198-4B7E-8806-9E3ABE5D92DD}.Release|iPhone.Build.0 = Release|Any CPU
		{91102B77-2198-4B7E-8806-9E3ABE5D92DD}.Release|iPhone.Deploy.0 = Release|Any CPU
		{91102B77-2198-4B7E-8806-9E3ABE5D92DD}.Release|iPhoneSimulator.ActiveCfg = Release|Any CPU
		{91102B77-2198-4B7E-8806-9E3ABE5D92DD}.Release|iPhoneSimulator.Build.0 = Release|Any CPU
		{91102B77-2198-4B7E-8806-9E3ABE5D92DD}.Release|iPhoneSimulator.Deploy.0 = Release|Any CPU
		{91102B77-2198-4B7E-8806-9E3ABE5D92DD}.Release|x86.ActiveCfg = Release|Any CPU
		{91102B77-2198-4B7E-8806-9E3ABE5D92DD}.Release|x86.Build.0 = Release|Any CPU
		{91102B77-2198-4B7E-8806-9E3ABE5D92DD}.Release|x86.Deploy.0 = Release|Any CPU
		{CA72AFA8-1460-465D-81B4-8E47EAE90986}.Ad-Hoc|Any CPU.ActiveCfg = Release|x86
		{CA72AFA8-1460-465D-81B4-8E47EAE90986}.Ad-Hoc|Any CPU.Build.0 = Release|x86
		{CA72AFA8-1460-465D-81B4-8E47EAE90986}.Ad-Hoc|Any CPU.Deploy.0 = Release|x86
		{CA72AFA8-1460-465D-81B4-8E47EAE90986}.Ad-Hoc|ARM.ActiveCfg = Release|ARM
		{CA72AFA8-1460-465D-81B4-8E47EAE90986}.Ad-Hoc|ARM.Build.0 = Release|ARM
		{CA72AFA8-1460-465D-81B4-8E47EAE90986}.Ad-Hoc|ARM.Deploy.0 = Release|ARM
		{CA72AFA8-1460-465D-81B4-8E47EAE90986}.Ad-Hoc|iPhone.ActiveCfg = Release|x86
		{CA72AFA8-1460-465D-81B4-8E47EAE90986}.Ad-Hoc|iPhone.Build.0 = Release|x86
		{CA72AFA8-1460-465D-81B4-8E47EAE90986}.Ad-Hoc|iPhone.Deploy.0 = Release|x86
		{CA72AFA8-1460-465D-81B4-8E47EAE90986}.Ad-Hoc|iPhoneSimulator.ActiveCfg = Release|x86
		{CA72AFA8-1460-465D-81B4-8E47EAE90986}.Ad-Hoc|iPhoneSimulator.Build.0 = Release|x86
		{CA72AFA8-1460-465D-81B4-8E47EAE90986}.Ad-Hoc|iPhoneSimulator.Deploy.0 = Release|x86
		{CA72AFA8-1460-465D-81B4-8E47EAE90986}.Ad-Hoc|x86.ActiveCfg = Release|x86
		{CA72AFA8-1460-465D-81B4-8E47EAE90986}.Ad-Hoc|x86.Build.0 = Release|x86
		{CA72AFA8-1460-465D-81B4-8E47EAE90986}.Ad-Hoc|x86.Deploy.0 = Release|x86
		{CA72AFA8-1460-465D-81B4-8E47EAE90986}.AppStore|Any CPU.ActiveCfg = Release|x86
		{CA72AFA8-1460-465D-81B4-8E47EAE90986}.AppStore|Any CPU.Build.0 = Release|x86
		{CA72AFA8-1460-465D-81B4-8E47EAE90986}.AppStore|Any CPU.Deploy.0 = Release|x86
		{CA72AFA8-1460-465D-81B4-8E47EAE90986}.AppStore|ARM.ActiveCfg = Release|ARM
		{CA72AFA8-1460-465D-81B4-8E47EAE90986}.AppStore|ARM.Build.0 = Release|ARM
		{CA72AFA8-1460-465D-81B4-8E47EAE90986}.AppStore|ARM.Deploy.0 = Release|ARM
		{CA72AFA8-1460-465D-81B4-8E47EAE90986}.AppStore|iPhone.ActiveCfg = Release|x86
		{CA72AFA8-1460-465D-81B4-8E47EAE90986}.AppStore|iPhone.Build.0 = Release|x86
		{CA72AFA8-1460-465D-81B4-8E47EAE90986}.AppStore|iPhone.Deploy.0 = Release|x86
		{CA72AFA8-1460-465D-81B4-8E47EAE90986}.AppStore|iPhoneSimulator.ActiveCfg = Release|x86
		{CA72AFA8-1460-465D-81B4-8E47EAE90986}.AppStore|iPhoneSimulator.Build.0 = Release|x86
		{CA72AFA8-1460-465D-81B4-8E47EAE90986}.AppStore|iPhoneSimulator.Deploy.0 = Release|x86
		{CA72AFA8-1460-465D-81B4-8E47EAE90986}.AppStore|x86.ActiveCfg = Release|x86
		{CA72AFA8-1460-465D-81B4-8E47EAE90986}.AppStore|x86.Build.0 = Release|x86
		{CA72AFA8-1460-465D-81B4-8E47EAE90986}.AppStore|x86.Deploy.0 = Release|x86
		{CA72AFA8-1460-465D-81B4-8E47EAE90986}.Debug|Any CPU.ActiveCfg = Debug|x86
		{CA72AFA8-1460-465D-81B4-8E47EAE90986}.Debug|Any CPU.Build.0 = Debug|x86
		{CA72AFA8-1460-465D-81B4-8E47EAE90986}.Debug|Any CPU.Deploy.0 = Debug|x86
		{CA72AFA8-1460-465D-81B4-8E47EAE90986}.Debug|ARM.ActiveCfg = Debug|ARM
		{CA72AFA8-1460-465D-81B4-8E47EAE90986}.Debug|ARM.Build.0 = Debug|ARM
		{CA72AFA8-1460-465D-81B4-8E47EAE90986}.Debug|ARM.Deploy.0 = Debug|ARM
		{CA72AFA8-1460-465D-81B4-8E47EAE90986}.Debug|iPhone.ActiveCfg = Debug|x86
		{CA72AFA8-1460-465D-81B4-8E47EAE90986}.Debug|iPhone.Build.0 = Debug|x86
		{CA72AFA8-1460-465D-81B4-8E47EAE90986}.Debug|iPhone.Deploy.0 = Debug|x86
		{CA72AFA8-1460-465D-81B4-8E47EAE90986}.Debug|iPhoneSimulator.ActiveCfg = Debug|x86
		{CA72AFA8-1460-465D-81B4-8E47EAE90986}.Debug|iPhoneSimulator.Build.0 = Debug|x86
		{CA72AFA8-1460-465D-81B4-8E47EAE90986}.Debug|iPhoneSimulator.Deploy.0 = Debug|x86
		{CA72AFA8-1460-465D-81B4-8E47EAE90986}.Debug|x86.ActiveCfg = Debug|x86
		{CA72AFA8-1460-465D-81B4-8E47EAE90986}.Debug|x86.Build.0 = Debug|x86
		{CA72AFA8-1460-465D-81B4-8E47EAE90986}.Debug|x86.Deploy.0 = Debug|x86
		{CA72AFA8-1460-465D-81B4-8E47EAE90986}.Release|Any CPU.ActiveCfg = Release|x86
		{CA72AFA8-1460-465D-81B4-8E47EAE90986}.Release|Any CPU.Build.0 = Release|x86
		{CA72AFA8-1460-465D-81B4-8E47EAE90986}.Release|Any CPU.Deploy.0 = Release|x86
		{CA72AFA8-1460-465D-81B4-8E47EAE90986}.Release|ARM.ActiveCfg = Release|ARM
		{CA72AFA8-1460-465D-81B4-8E47EAE90986}.Release|ARM.Build.0 = Release|ARM
		{CA72AFA8-1460-465D-81B4-8E47EAE90986}.Release|ARM.Deploy.0 = Release|ARM
		{CA72AFA8-1460-465D-81B4-8E47EAE90986}.Release|iPhone.ActiveCfg = Release|x86
		{CA72AFA8-1460-465D-81B4-8E47EAE90986}.Release|iPhone.Build.0 = Release|x86
		{CA72AFA8-1460-465D-81B4-8E47EAE90986}.Release|iPhone.Deploy.0 = Release|x86
		{CA72AFA8-1460-465D-81B4-8E47EAE90986}.Release|iPhoneSimulator.ActiveCfg = Release|x86
		{CA72AFA8-1460-465D-81B4-8E47EAE90986}.Release|iPhoneSimulator.Build.0 = Release|x86
		{CA72AFA8-1460-465D-81B4-8E47EAE90986}.Release|iPhoneSimulator.Deploy.0 = Release|x86
		{CA72AFA8-1460-465D-81B4-8E47EAE90986}.Release|x86.ActiveCfg = Release|x86
		{CA72AFA8-1460-465D-81B4-8E47EAE90986}.Release|x86.Build.0 = Release|x86
		{CA72AFA8-1460-465D-81B4-8E47EAE90986}.Release|x86.Deploy.0 = Release|x86
	EndGlobalSection
	GlobalSection(SolutionProperties) = preSolution
		HideSolutionNode = FALSE
	EndGlobalSection
EndGlobal
